
Microsoft Visual Studio Solution File, Format Version 12.00
# Visual Studio 15
VisualStudioVersion = 15.0.27428.2027
MinimumVisualStudioVersion = 10.0.40219.1
Project("{FAE04EC0-301F-11D3-BF4B-00C04F79EFBC}") = "Random", "Random\Random.csproj", "{285AE04F-2361-4C85-9D5D-DA0D9921445E}"
EndProject
Global
	GlobalSection(SolutionConfigurationPlatforms) = preSolution
		Debug|Any CPU = Debug|Any CPU
		Release|Any CPU = Release|Any CPU
	EndGlobalSection
	GlobalSection(ProjectConfigurationPlatforms) = postSolution
		{285AE04F-2361-4C85-9D5D-DA0D9921445E}.Debug|Any CPU.ActiveCfg = Debug|Any CPU
		{285AE04F-2361-4C85-9D5D-DA0D9921445E}.Debug|Any CPU.Build.0 = Debug|Any CPU
		{285AE04F-2361-4C85-9D5D-DA0D9921445E}.Release|Any CPU.ActiveCfg = Release|Any CPU
		{285AE04F-2361-4C85-9D5D-DA0D9921445E}.Release|Any CPU.Build.0 = Release|Any CPU
	EndGlobalSection
	GlobalSection(SolutionProperties) = preSolution
		HideSolutionNode = FALSE
	EndGlobalSection
	GlobalSection(ExtensibilityGlobals) = postSolution
		SolutionGuid = {1172B525-E9D3-4025-A5B7-F7EB8FEEACC6}
	EndGlobalSection
EndGlobal
